{
    "version": 3,
    "terraform_version": "0.10.0",
    "serial": 21,
    "lineage": "ed43888d-8fc5-4b1b-8219-a20e421f1834",
    "modules": [
        {
            "path": [
                "root"
            ],
            "outputs": {},
            "resources": {
                "data.template_file.ansible_inventory": {
                    "type": "template_file",
                    "depends_on": [
                        "data.template_file.controller_ansible.*",
                        "data.template_file.worker_ansible.*",
                        "triton_machine.k8s_bastion"
                    ],
                    "primary": {
                        "id": "e0b07d2439840ac8cc0b15ef3928b428fdf522af7f40e3c64a32a5b38256abe9",
                        "attributes": {
                            "id": "e0b07d2439840ac8cc0b15ef3928b428fdf522af7f40e3c64a32a5b38256abe9",
                            "rendered": "bastion ansible_host=192.168.100.117\n\n[controllers]\nk8s_controller_00  ansible_host=10.50.1.12\n\n[workers]\nk8s_worker_00  ansible_host=10.50.1.11 ansible_user=ubuntu\nk8s_worker_01  ansible_host=10.50.1.13 ansible_user=ubuntu\nk8s_worker_02  ansible_host=10.50.1.10 ansible_user=ubuntu\n",
                            "template": "bastion ansible_host=${bastion_ip}\n\n[controllers]\n${controller_hosts}\n\n[workers]\n${worker_hosts}\n",
                            "vars.%": "3",
                            "vars.bastion_ip": "192.168.100.117",
                            "vars.controller_hosts": "k8s_controller_00  ansible_host=10.50.1.12",
                            "vars.worker_hosts": "k8s_worker_00  ansible_host=10.50.1.11 ansible_user=ubuntu\nk8s_worker_01  ansible_host=10.50.1.13 ansible_user=ubuntu\nk8s_worker_02  ansible_host=10.50.1.10 ansible_user=ubuntu"
                        },
                        "meta": {},
                        "tainted": false
                    },
                    "deposed": [],
                    "provider": ""
                },
                "data.template_file.certificates": {
                    "type": "template_file",
                    "depends_on": [
                        "triton_machine.k8s_controller.*",
                        "triton_machine.k8s_etcd.*",
                        "triton_machine.k8s_worker.*"
                    ],
                    "primary": {
                        "id": "cda780c673fba44a832047e369f85ff75f0fb16862573f84f30d5753833cdca4",
                        "attributes": {
                            "id": "cda780c673fba44a832047e369f85ff75f0fb16862573f84f30d5753833cdca4",
                            "rendered": "{\n  \"CN\": \"kubernetes\",\n  \"hosts\": [\n    \"10.50.1.17\",\"10.50.1.18\",\"10.50.1.16\",\n    \"10.50.1.11\",\"10.50.1.13\",\"10.50.1.10\",\n    \"10.50.1.12\",\n    \"127.0.0.1\"\n  ],\n  \"key\": {\n    \"algo\": \"rsa\",\n    \"size\": 2048\n  },\n  \"names\": [\n    {\n      \"C\": \"UK\",\n      \"L\": \"London\",\n      \"O\": \"OpenCredo\",\n      \"OU\": \"Cluster\"\n    }\n  ]\n}\n",
                            "template": "{\n  \"CN\": \"kubernetes\",\n  \"hosts\": [\n    ${etcd_ips},\n    ${worker_ips},\n    ${controller_ips},\n    \"127.0.0.1\"\n  ],\n  \"key\": {\n    \"algo\": \"rsa\",\n    \"size\": 2048\n  },\n  \"names\": [\n    {\n      \"C\": \"UK\",\n      \"L\": \"London\",\n      \"O\": \"OpenCredo\",\n      \"OU\": \"Cluster\"\n    }\n  ]\n}\n",
                            "vars.%": "3",
                            "vars.controller_ips": "\"10.50.1.12\"",
                            "vars.etcd_ips": "\"10.50.1.17\",\"10.50.1.18\",\"10.50.1.16\"",
                            "vars.worker_ips": "\"10.50.1.11\",\"10.50.1.13\",\"10.50.1.10\""
                        },
                        "meta": {},
                        "tainted": false
                    },
                    "deposed": [],
                    "provider": ""
                },
                "data.template_file.controller_ansible": {
                    "type": "template_file",
                    "depends_on": [
                        "triton_machine.k8s_controller",
                        "triton_machine.k8s_controller.*"
                    ],
                    "primary": {
                        "id": "5cf5405bd234389c0e86e55e694eacea0e9b33a74e04ba870b7e7d0edbbcd623",
                        "attributes": {
                            "id": "5cf5405bd234389c0e86e55e694eacea0e9b33a74e04ba870b7e7d0edbbcd623",
                            "rendered": "k8s_controller_00  ansible_host=10.50.1.12",
                            "template": "${name} ${extra}",
                            "vars.%": "3",
                            "vars.extra": " ansible_host=10.50.1.12",
                            "vars.index": "1",
                            "vars.name": "k8s_controller_00"
                        },
                        "meta": {},
                        "tainted": false
                    },
                    "deposed": [],
                    "provider": ""
                },
                "data.template_file.kubeconfig": {
                    "type": "template_file",
                    "depends_on": [
                        "triton_machine.k8s_controller",
                        "triton_machine.k8s_worker"
                    ],
                    "primary": {
                        "id": "1372f4a2bbefb17d46538bab675e81208e9521e508b586946293a4ed338f153c",
                        "attributes": {
                            "id": "1372f4a2bbefb17d46538bab675e81208e9521e508b586946293a4ed338f153c",
                            "rendered": "apiVersion: v1\nkind: Config\nclusters:\n- cluster:\n    certificate-authority: /var/lib/kubernetes/ca.pem\n    server: https://10.50.1.12:6443\n  name: kubernetes\ncontexts:\n- context:\n    cluster: kubernetes\n    user: kubelet\n  name: kubelet\ncurrent-context: kubelet\nusers:\n- name: kubelet\n  user:\n    token: UWZ6OBSL",
                            "template": "apiVersion: v1\nkind: Config\nclusters:\n- cluster:\n    certificate-authority: /var/lib/kubernetes/ca.pem\n    server: https://${master_ip}:6443\n  name: kubernetes\ncontexts:\n- context:\n    cluster: kubernetes\n    user: kubelet\n  name: kubelet\ncurrent-context: kubelet\nusers:\n- name: kubelet\n  user:\n    token: ${secret_token}",
                            "vars.%": "2",
                            "vars.master_ip": "10.50.1.12",
                            "vars.secret_token": "UWZ6OBSL"
                        },
                        "meta": {},
                        "tainted": false
                    },
                    "deposed": [],
                    "provider": ""
                },
                "data.template_file.ssh_config": {
                    "type": "template_file",
                    "depends_on": [
                        "triton_machine.k8s_bastion"
                    ],
                    "primary": {
                        "id": "3d8635c486713ccc3f8d78d3e1f8de950aee94005f43a087ac5285f636b94ff4",
                        "attributes": {
                            "id": "3d8635c486713ccc3f8d78d3e1f8de950aee94005f43a087ac5285f636b94ff4",
                            "rendered": "Host bastion\n  User                   root\n  HostName               192.168.100.117\n  ProxyCommand           none\n  IdentityFile           /Users/bruce.smith/.ssh/id_rsa\n  BatchMode              yes\n  PasswordAuthentication no\n  ForwardAgent           yes\n\nHost *\n  User                   ubuntu\n  ProxyCommand           ssh -q -W %h:%p root@192.168.100.117\n  ForwardAgent           yes\n  ServerAliveInterval    60\n  TCPKeepAlive           yes\n  ControlMaster          auto\n  ControlPath            ~/.ssh/bastion-%r@%h:%p\n  ControlPersist         8h\n  IdentityFile           /Users/bruce.smith/.ssh/id_rsa",
                            "template": "Host bastion\n  User                   root\n  HostName               ${bastion_ip}\n  ProxyCommand           none\n  IdentityFile           ${identity_file}\n  BatchMode              yes\n  PasswordAuthentication no\n  ForwardAgent           yes\n\nHost *\n  User                   ubuntu\n  ProxyCommand           ssh -q -W %h:%p root@${bastion_ip}\n  ForwardAgent           yes\n  ServerAliveInterval    60\n  TCPKeepAlive           yes\n  ControlMaster          auto\n  ControlPath            ~/.ssh/bastion-%r@%h:%p\n  ControlPersist         8h\n  IdentityFile           ${identity_file}",
                            "vars.%": "2",
                            "vars.bastion_ip": "192.168.100.117",
                            "vars.identity_file": "/Users/bruce.smith/.ssh/id_rsa"
                        },
                        "meta": {},
                        "tainted": false
                    },
                    "deposed": [],
                    "provider": ""
                },
                "data.template_file.start_apiserver": {
                    "type": "template_file",
                    "depends_on": [
                        "triton_machine.k8s_controller",
                        "triton_machine.k8s_controller.*",
                        "triton_machine.k8s_etcd.*"
                    ],
                    "primary": {
                        "id": "808e858f40c3f3995108349303d10fe3312dfe95e34af3cec8a2ea706289ba5b",
                        "attributes": {
                            "id": "808e858f40c3f3995108349303d10fe3312dfe95e34af3cec8a2ea706289ba5b",
                            "rendered": "#!/bin/bash\nexport IP=$(ifconfig eth0 |grep \"inet addr\" |awk '{print $2}' |awk -F: '{print $2}')\n\n# --etcd-cafile=/var/lib/kubernetes/ca.pem\n\nexec /usr/local/bin/kube-apiserver \\\n  --admission-control=NamespaceLifecycle,LimitRanger,SecurityContextDeny,ServiceAccount,ResourceQuota \\\n  --advertise-address=$IP \\\n  --allow-privileged=true \\\n  --apiserver-count=1 \\\n  --authorization-mode=ABAC \\\n  --authorization-policy-file=/var/lib/kubernetes/authorization-policy.jsonl \\\n  --bind-address=0.0.0.0 \\\n  --enable-swagger-ui=true \\\n  --etcd-servers=\"10.50.1.17\",\"10.50.1.18\",\"10.50.1.16\" \\\n  --insecure-bind-address=0.0.0.0 \\\n  --kubelet-certificate-authority=/var/lib/kubernetes/ca.pem \\\n  --service-account-key-file=/var/lib/kubernetes/kubernetes-key.pem \\\n  --service-cluster-ip-range=10.32.0.0/24 \\\n  --service-node-port-range=30000-32767 \\\n  --tls-cert-file=/var/lib/kubernetes/kubernetes.pem \\\n  --tls-private-key-file=/var/lib/kubernetes/kubernetes-key.pem \\\n  --token-auth-file=/var/lib/kubernetes/token.csv \\\n  --v=2\n",
                            "template": "#!/bin/bash\nexport IP=$(ifconfig eth0 |grep \"inet addr\" |awk '{print $2}' |awk -F: '{print $2}')\n\n# --etcd-cafile=/var/lib/kubernetes/ca.pem\n\nexec /usr/local/bin/kube-apiserver \\\n  --admission-control=NamespaceLifecycle,LimitRanger,SecurityContextDeny,ServiceAccount,ResourceQuota \\\n  --advertise-address=$IP \\\n  --allow-privileged=true \\\n  --apiserver-count=${controller_count} \\\n  --authorization-mode=ABAC \\\n  --authorization-policy-file=/var/lib/kubernetes/authorization-policy.jsonl \\\n  --bind-address=0.0.0.0 \\\n  --enable-swagger-ui=true \\\n  --etcd-servers=${etcd_servers} \\\n  --insecure-bind-address=0.0.0.0 \\\n  --kubelet-certificate-authority=/var/lib/kubernetes/ca.pem \\\n  --service-account-key-file=/var/lib/kubernetes/kubernetes-key.pem \\\n  --service-cluster-ip-range=10.32.0.0/24 \\\n  --service-node-port-range=30000-32767 \\\n  --tls-cert-file=/var/lib/kubernetes/kubernetes.pem \\\n  --tls-private-key-file=/var/lib/kubernetes/kubernetes-key.pem \\\n  --token-auth-file=/var/lib/kubernetes/token.csv \\\n  --v=2\n",
                            "vars.%": "2",
                            "vars.controller_count": "1",
                            "vars.etcd_servers": "\"10.50.1.17\",\"10.50.1.18\",\"10.50.1.16\""
                        },
                        "meta": {},
                        "tainted": false
                    },
                    "deposed": [],
                    "provider": ""
                },
                "data.template_file.start_controller_manager": {
                    "type": "template_file",
                    "depends_on": [
                        "triton_machine.k8s_controller"
                    ],
                    "primary": {
                        "id": "9b18fda74ff84db33e9ade609efc7e724dfeacfbceb6234099c2ade55e656500",
                        "attributes": {
                            "id": "9b18fda74ff84db33e9ade609efc7e724dfeacfbceb6234099c2ade55e656500",
                            "rendered": "#!/bin/bash\nexport IP=$(ifconfig eth0 |grep \"inet addr\" |awk '{print $2}' |awk -F: '{print $2}')\n\n# --cloud-provider=triton\n# --cloud-config=/etc/kubernetes/cloud_config\n\nexec /usr/local/bin/kube-controller-manager \\\n  --allocate-node-cidrs=true \\\n  --cluster-cidr=10.200.0.0/16 \\\n  --cluster-name=kubernetes \\\n  --leader-elect=true \\\n  --master=http://10.50.1.12:8080 \\\n  --root-ca-file=/var/lib/kubernetes/ca.pem \\\n  --service-account-private-key-file=/var/lib/kubernetes/kubernetes-key.pem \\\n  --service-cluster-ip-range=10.32.0.0/16 \\\n  --v=2\n",
                            "template": "#!/bin/bash\nexport IP=$(ifconfig eth0 |grep \"inet addr\" |awk '{print $2}' |awk -F: '{print $2}')\n\n# --cloud-provider=triton\n# --cloud-config=/etc/kubernetes/cloud_config\n\nexec /usr/local/bin/kube-controller-manager \\\n  --allocate-node-cidrs=true \\\n  --cluster-cidr=10.200.0.0/16 \\\n  --cluster-name=kubernetes \\\n  --leader-elect=true \\\n  --master=http://${master_ip}:8080 \\\n  --root-ca-file=/var/lib/kubernetes/ca.pem \\\n  --service-account-private-key-file=/var/lib/kubernetes/kubernetes-key.pem \\\n  --service-cluster-ip-range=10.32.0.0/16 \\\n  --v=2\n",
                            "vars.%": "1",
                            "vars.master_ip": "10.50.1.12"
                        },
                        "meta": {},
                        "tainted": false
                    },
                    "deposed": [],
                    "provider": ""
                },
                "data.template_file.start_kube_proxy": {
                    "type": "template_file",
                    "depends_on": [
                        "triton_machine.k8s_controller",
                        "triton_machine.k8s_worker"
                    ],
                    "primary": {
                        "id": "3ad336c7f79c06bafdd0f29266cf701f9d2fb1fe1993d450b9f09b9193fad8e1",
                        "attributes": {
                            "id": "3ad336c7f79c06bafdd0f29266cf701f9d2fb1fe1993d450b9f09b9193fad8e1",
                            "rendered": "#!/bin/bash\n\nexec /usr/bin/kube-proxy \\\n  --masquerade-all \\\n  --master=https://10.50.1.12:6443 \\\n  --kubeconfig=/var/lib/kubelet/kubeconfig \\\n  --proxy-mode=iptables \\\n  --v=2\n",
                            "template": "#!/bin/bash\n\nexec /usr/bin/kube-proxy \\\n  --masquerade-all \\\n  --master=https://${master_ip}:6443 \\\n  --kubeconfig=/var/lib/kubelet/kubeconfig \\\n  --proxy-mode=iptables \\\n  --v=2\n",
                            "vars.%": "1",
                            "vars.master_ip": "10.50.1.12"
                        },
                        "meta": {},
                        "tainted": false
                    },
                    "deposed": [],
                    "provider": ""
                },
                "data.template_file.start_kubelet": {
                    "type": "template_file",
                    "depends_on": [
                        "triton_machine.k8s_controller",
                        "triton_machine.k8s_worker"
                    ],
                    "primary": {
                        "id": "8c58cd38c6b6b1ee0947bf2312ebf37b8db28bf7af41072b63f1bedbd1b0ea38",
                        "attributes": {
                            "id": "8c58cd38c6b6b1ee0947bf2312ebf37b8db28bf7af41072b63f1bedbd1b0ea38",
                            "rendered": "#!/bin/bash\nexec /usr/bin/kubelet \\\n  --allow-privileged=true \\\n  --api-servers=https://10.50.1.12:6443 \\\n  --cluster-dns=10.32.0.10 \\\n  --cluster-domain=cluster.local \\\n  --container-runtime=docker \\\n  --network-plugin=kubenet \\\n  --kubeconfig=/var/lib/kubelet/kubeconfig \\\n  --serialize-image-pulls=false \\\n  --tls-cert-file=/var/lib/kubernetes/kubernetes.pem \\\n  --tls-private-key-file=/var/lib/kubernetes/kubernetes-key.pem \\\n  --v=2\n",
                            "template": "#!/bin/bash\nexec /usr/bin/kubelet \\\n  --allow-privileged=true \\\n  --api-servers=https://${master_ip}:6443 \\\n  --cluster-dns=10.32.0.10 \\\n  --cluster-domain=cluster.local \\\n  --container-runtime=docker \\\n  --network-plugin=kubenet \\\n  --kubeconfig=/var/lib/kubelet/kubeconfig \\\n  --serialize-image-pulls=false \\\n  --tls-cert-file=/var/lib/kubernetes/kubernetes.pem \\\n  --tls-private-key-file=/var/lib/kubernetes/kubernetes-key.pem \\\n  --v=2\n",
                            "vars.%": "1",
                            "vars.master_ip": "10.50.1.12"
                        },
                        "meta": {},
                        "tainted": false
                    },
                    "deposed": [],
                    "provider": ""
                },
                "data.template_file.token_csv": {
                    "type": "template_file",
                    "depends_on": [
                        "triton_machine.k8s_controller"
                    ],
                    "primary": {
                        "id": "ecfc8e0c037e811150ab9c11f20347d467293f69b64d11b5e0389cd309499f08",
                        "attributes": {
                            "id": "ecfc8e0c037e811150ab9c11f20347d467293f69b64d11b5e0389cd309499f08",
                            "rendered": "UWZ6OBSL,admin,admin\nUWZ6OBSL,scheduler,scheduler\nUWZ6OBSL,kubelet,kubelet",
                            "template": "${secret_token},admin,admin\n${secret_token},scheduler,scheduler\n${secret_token},kubelet,kubelet",
                            "vars.%": "1",
                            "vars.secret_token": "UWZ6OBSL"
                        },
                        "meta": {},
                        "tainted": false
                    },
                    "deposed": [],
                    "provider": ""
                },
                "data.template_file.worker_ansible.0": {
                    "type": "template_file",
                    "depends_on": [
                        "triton_machine.k8s_worker",
                        "triton_machine.k8s_worker.*"
                    ],
                    "primary": {
                        "id": "8eb5b8a3c66fbbf02ddbf99427e6a7d9631a1b0428e43be64e0de2ac52527c1d",
                        "attributes": {
                            "id": "8eb5b8a3c66fbbf02ddbf99427e6a7d9631a1b0428e43be64e0de2ac52527c1d",
                            "rendered": "k8s_worker_00  ansible_host=10.50.1.11 ansible_user=ubuntu",
                            "template": "${name} ${extra} ansible_user=ubuntu",
                            "vars.%": "3",
                            "vars.extra": " ansible_host=10.50.1.11",
                            "vars.index": "1",
                            "vars.name": "k8s_worker_00"
                        },
                        "meta": {},
                        "tainted": false
                    },
                    "deposed": [],
                    "provider": ""
                },
                "data.template_file.worker_ansible.1": {
                    "type": "template_file",
                    "depends_on": [
                        "triton_machine.k8s_worker",
                        "triton_machine.k8s_worker.*"
                    ],
                    "primary": {
                        "id": "58e95dfa4762b4328bc8d8ee431362d8ccd51d49b88685575b64c3007142889f",
                        "attributes": {
                            "id": "58e95dfa4762b4328bc8d8ee431362d8ccd51d49b88685575b64c3007142889f",
                            "rendered": "k8s_worker_01  ansible_host=10.50.1.13 ansible_user=ubuntu",
                            "template": "${name} ${extra} ansible_user=ubuntu",
                            "vars.%": "3",
                            "vars.extra": " ansible_host=10.50.1.13",
                            "vars.index": "2",
                            "vars.name": "k8s_worker_01"
                        },
                        "meta": {},
                        "tainted": false
                    },
                    "deposed": [],
                    "provider": ""
                },
                "data.template_file.worker_ansible.2": {
                    "type": "template_file",
                    "depends_on": [
                        "triton_machine.k8s_worker",
                        "triton_machine.k8s_worker.*"
                    ],
                    "primary": {
                        "id": "a06d4e6bff5b0b0720d8380724e876cd73b14e1cbd62e1e17df04715c15b0f56",
                        "attributes": {
                            "id": "a06d4e6bff5b0b0720d8380724e876cd73b14e1cbd62e1e17df04715c15b0f56",
                            "rendered": "k8s_worker_02  ansible_host=10.50.1.10 ansible_user=ubuntu",
                            "template": "${name} ${extra} ansible_user=ubuntu",
                            "vars.%": "3",
                            "vars.extra": " ansible_host=10.50.1.10",
                            "vars.index": "3",
                            "vars.name": "k8s_worker_02"
                        },
                        "meta": {},
                        "tainted": false
                    },
                    "deposed": [],
                    "provider": ""
                },
                "local_file.ansible_inventory": {
                    "type": "local_file",
                    "depends_on": [
                        "data.template_file.ansible_inventory"
                    ],
                    "primary": {
                        "id": "2c160e9ceb1548115f4bd81b2ca855898b48964c",
                        "attributes": {
                            "content": "bastion ansible_host=192.168.100.117\n\n[controllers]\nk8s_controller_00  ansible_host=10.50.1.12\n\n[workers]\nk8s_worker_00  ansible_host=10.50.1.11 ansible_user=ubuntu\nk8s_worker_01  ansible_host=10.50.1.13 ansible_user=ubuntu\nk8s_worker_02  ansible_host=10.50.1.10 ansible_user=ubuntu\n",
                            "filename": "/git/me/triton/k8s/test/output/ansible_inventory",
                            "id": "2c160e9ceb1548115f4bd81b2ca855898b48964c"
                        },
                        "meta": {},
                        "tainted": false
                    },
                    "deposed": [],
                    "provider": ""
                },
                "local_file.kubeconfig": {
                    "type": "local_file",
                    "depends_on": [
                        "data.template_file.kubeconfig"
                    ],
                    "primary": {
                        "id": "cd81720154849b4ecd6efa7e1eefc05abf713542",
                        "attributes": {
                            "content": "apiVersion: v1\nkind: Config\nclusters:\n- cluster:\n    certificate-authority: /var/lib/kubernetes/ca.pem\n    server: https://10.50.1.12:6443\n  name: kubernetes\ncontexts:\n- context:\n    cluster: kubernetes\n    user: kubelet\n  name: kubelet\ncurrent-context: kubelet\nusers:\n- name: kubelet\n  user:\n    token: UWZ6OBSL",
                            "filename": "/git/me/triton/k8s/test/output/kubeconfig",
                            "id": "cd81720154849b4ecd6efa7e1eefc05abf713542"
                        },
                        "meta": {},
                        "tainted": false
                    },
                    "deposed": [],
                    "provider": ""
                },
                "local_file.ssh_config": {
                    "type": "local_file",
                    "depends_on": [
                        "data.template_file.ssh_config"
                    ],
                    "primary": {
                        "id": "9963f50c8f0ea69f500fb42e915a6b3b5ee4bf74",
                        "attributes": {
                            "content": "Host bastion\n  User                   root\n  HostName               192.168.100.117\n  ProxyCommand           none\n  IdentityFile           /Users/bruce.smith/.ssh/id_rsa\n  BatchMode              yes\n  PasswordAuthentication no\n  ForwardAgent           yes\n\nHost *\n  User                   ubuntu\n  ProxyCommand           ssh -q -W %h:%p root@192.168.100.117\n  ForwardAgent           yes\n  ServerAliveInterval    60\n  TCPKeepAlive           yes\n  ControlMaster          auto\n  ControlPath            ~/.ssh/bastion-%r@%h:%p\n  ControlPersist         8h\n  IdentityFile           /Users/bruce.smith/.ssh/id_rsa",
                            "filename": "/git/me/triton/k8s/test/output/ssh.config",
                            "id": "9963f50c8f0ea69f500fb42e915a6b3b5ee4bf74"
                        },
                        "meta": {},
                        "tainted": false
                    },
                    "deposed": [],
                    "provider": ""
                },
                "local_file.start_apiserver": {
                    "type": "local_file",
                    "depends_on": [
                        "data.template_file.start_apiserver"
                    ],
                    "primary": {
                        "id": "75f5d4a977dab2dab24e54f8ae270e37866beaa4",
                        "attributes": {
                            "content": "#!/bin/bash\nexport IP=$(ifconfig eth0 |grep \"inet addr\" |awk '{print $2}' |awk -F: '{print $2}')\n\n# --etcd-cafile=/var/lib/kubernetes/ca.pem\n\nexec /usr/local/bin/kube-apiserver \\\n  --admission-control=NamespaceLifecycle,LimitRanger,SecurityContextDeny,ServiceAccount,ResourceQuota \\\n  --advertise-address=$IP \\\n  --allow-privileged=true \\\n  --apiserver-count=1 \\\n  --authorization-mode=ABAC \\\n  --authorization-policy-file=/var/lib/kubernetes/authorization-policy.jsonl \\\n  --bind-address=0.0.0.0 \\\n  --enable-swagger-ui=true \\\n  --etcd-servers=\"10.50.1.17\",\"10.50.1.18\",\"10.50.1.16\" \\\n  --insecure-bind-address=0.0.0.0 \\\n  --kubelet-certificate-authority=/var/lib/kubernetes/ca.pem \\\n  --service-account-key-file=/var/lib/kubernetes/kubernetes-key.pem \\\n  --service-cluster-ip-range=10.32.0.0/24 \\\n  --service-node-port-range=30000-32767 \\\n  --tls-cert-file=/var/lib/kubernetes/kubernetes.pem \\\n  --tls-private-key-file=/var/lib/kubernetes/kubernetes-key.pem \\\n  --token-auth-file=/var/lib/kubernetes/token.csv \\\n  --v=2\n",
                            "filename": "/git/me/triton/k8s/test/output/kube-apiserver.sh",
                            "id": "75f5d4a977dab2dab24e54f8ae270e37866beaa4"
                        },
                        "meta": {},
                        "tainted": false
                    },
                    "deposed": [],
                    "provider": ""
                },
                "local_file.start_controller_manager": {
                    "type": "local_file",
                    "depends_on": [
                        "data.template_file.start_controller_manager"
                    ],
                    "primary": {
                        "id": "5738ab038ccdd99e2aa95cfbc6fbb3c2bf5a638f",
                        "attributes": {
                            "content": "#!/bin/bash\nexport IP=$(ifconfig eth0 |grep \"inet addr\" |awk '{print $2}' |awk -F: '{print $2}')\n\n# --cloud-provider=triton\n# --cloud-config=/etc/kubernetes/cloud_config\n\nexec /usr/local/bin/kube-controller-manager \\\n  --allocate-node-cidrs=true \\\n  --cluster-cidr=10.200.0.0/16 \\\n  --cluster-name=kubernetes \\\n  --leader-elect=true \\\n  --master=http://10.50.1.12:8080 \\\n  --root-ca-file=/var/lib/kubernetes/ca.pem \\\n  --service-account-private-key-file=/var/lib/kubernetes/kubernetes-key.pem \\\n  --service-cluster-ip-range=10.32.0.0/16 \\\n  --v=2\n",
                            "filename": "/git/me/triton/k8s/test/output/kube-controller-manager.sh",
                            "id": "5738ab038ccdd99e2aa95cfbc6fbb3c2bf5a638f"
                        },
                        "meta": {},
                        "tainted": false
                    },
                    "deposed": [],
                    "provider": ""
                },
                "local_file.start_kube_proxy": {
                    "type": "local_file",
                    "depends_on": [
                        "data.template_file.start_kube_proxy"
                    ],
                    "primary": {
                        "id": "36f80862800124cd012f5504f38de934347157d9",
                        "attributes": {
                            "content": "#!/bin/bash\n\nexec /usr/bin/kube-proxy \\\n  --masquerade-all \\\n  --master=https://10.50.1.12:6443 \\\n  --kubeconfig=/var/lib/kubelet/kubeconfig \\\n  --proxy-mode=iptables \\\n  --v=2\n",
                            "filename": "/git/me/triton/k8s/test/output/kube-proxy.sh",
                            "id": "36f80862800124cd012f5504f38de934347157d9"
                        },
                        "meta": {},
                        "tainted": false
                    },
                    "deposed": [],
                    "provider": ""
                },
                "local_file.start_kubelet": {
                    "type": "local_file",
                    "depends_on": [
                        "data.template_file.start_kubelet"
                    ],
                    "primary": {
                        "id": "c42a27a5408ca0a1f14ef2465924d6136de22d16",
                        "attributes": {
                            "content": "#!/bin/bash\nexec /usr/bin/kubelet \\\n  --allow-privileged=true \\\n  --api-servers=https://10.50.1.12:6443 \\\n  --cluster-dns=10.32.0.10 \\\n  --cluster-domain=cluster.local \\\n  --container-runtime=docker \\\n  --network-plugin=kubenet \\\n  --kubeconfig=/var/lib/kubelet/kubeconfig \\\n  --serialize-image-pulls=false \\\n  --tls-cert-file=/var/lib/kubernetes/kubernetes.pem \\\n  --tls-private-key-file=/var/lib/kubernetes/kubernetes-key.pem \\\n  --v=2\n",
                            "filename": "/git/me/triton/k8s/test/output/kubelet.sh",
                            "id": "c42a27a5408ca0a1f14ef2465924d6136de22d16"
                        },
                        "meta": {},
                        "tainted": false
                    },
                    "deposed": [],
                    "provider": ""
                },
                "local_file.token_csv": {
                    "type": "local_file",
                    "depends_on": [
                        "data.template_file.token_csv"
                    ],
                    "primary": {
                        "id": "b1015a081d4828e4f36aef145280a5589769b196",
                        "attributes": {
                            "content": "UWZ6OBSL,admin,admin\nUWZ6OBSL,scheduler,scheduler\nUWZ6OBSL,kubelet,kubelet",
                            "filename": "/git/me/triton/k8s/test/output/token.csv",
                            "id": "b1015a081d4828e4f36aef145280a5589769b196"
                        },
                        "meta": {},
                        "tainted": false
                    },
                    "deposed": [],
                    "provider": ""
                },
                "null_resource.certificates": {
                    "type": "null_resource",
                    "depends_on": [
                        "data.template_file.certificates"
                    ],
                    "primary": {
                        "id": "5718833780115312671",
                        "attributes": {
                            "id": "5718833780115312671",
                            "triggers.%": "1",
                            "triggers.template_rendered": "{\n  \"CN\": \"kubernetes\",\n  \"hosts\": [\n    \"10.50.1.17\",\"10.50.1.18\",\"10.50.1.16\",\n    \"10.50.1.11\",\"10.50.1.13\",\"10.50.1.10\",\n    \"10.50.1.12\",\n    \"127.0.0.1\"\n  ],\n  \"key\": {\n    \"algo\": \"rsa\",\n    \"size\": 2048\n  },\n  \"names\": [\n    {\n      \"C\": \"UK\",\n      \"L\": \"London\",\n      \"O\": \"OpenCredo\",\n      \"OU\": \"Cluster\"\n    }\n  ]\n}\n"
                        },
                        "meta": {},
                        "tainted": false
                    },
                    "deposed": [],
                    "provider": ""
                },
                "triton_fabric.k8s": {
                    "type": "triton_fabric",
                    "depends_on": [
                        "triton_vlan.k8s"
                    ],
                    "primary": {
                        "id": "6172a9a8-8d86-431e-88ab-1f810f2ddda9",
                        "attributes": {
                            "description": "k8s",
                            "fabric": "true",
                            "gateway": "10.50.1.1",
                            "id": "6172a9a8-8d86-431e-88ab-1f810f2ddda9",
                            "internet_nat": "false",
                            "name": "k8s",
                            "provision_end_ip": "10.50.1.240",
                            "provision_start_ip": "10.50.1.10",
                            "public": "false",
                            "resolvers.#": "2",
                            "resolvers.0": "192.168.1.102",
                            "resolvers.1": "8.8.8.8",
                            "routes.%": "0",
                            "subnet": "10.50.1.0/24",
                            "vlan_id": "50"
                        },
                        "meta": {},
                        "tainted": false
                    },
                    "deposed": [],
                    "provider": ""
                },
                "triton_machine.k8s_bastion": {
                    "type": "triton_machine",
                    "depends_on": [
                        "triton_fabric.k8s"
                    ],
                    "primary": {
                        "id": "85faee53-accf-6104-b670-bf404180834d",
                        "attributes": {
                            "administrator_pw": "",
                            "cloud_config": "",
                            "dataset": "f6f70dae-1e0a-481d-8f12-59204ecd8967",
                            "disk": "51200",
                            "domain_names.#": "4",
                            "domain_names.0": "85faee53-accf-6104-b670-bf404180834d.inst.6d222c74-1663-4219-db05-a48a98d3e56d.external.tritonhost.com",
                            "domain_names.1": "k8s-bastion-00.inst.6d222c74-1663-4219-db05-a48a98d3e56d.external.tritonhost.com",
                            "domain_names.2": "85faee53-accf-6104-b670-bf404180834d.inst.6d222c74-1663-4219-db05-a48a98d3e56d.bs-1.cns.tritonhost.com",
                            "domain_names.3": "k8s-bastion-00.inst.6d222c74-1663-4219-db05-a48a98d3e56d.bs-1.cns.tritonhost.com",
                            "firewall_enabled": "false",
                            "id": "85faee53-accf-6104-b670-bf404180834d",
                            "image": "f6f70dae-1e0a-481d-8f12-59204ecd8967",
                            "ips.#": "2",
                            "ips.0": "192.168.100.117",
                            "ips.1": "10.50.1.14",
                            "memory": "2048",
                            "name": "k8s_bastion_00",
                            "networks.#": "2",
                            "networks.0": "6172a9a8-8d86-431e-88ab-1f810f2ddda9",
                            "networks.1": "33ef8f78-d46e-4176-ac46-da0fe81ead91",
                            "nic.#": "2",
                            "nic.1241718873.gateway": "192.168.100.1",
                            "nic.1241718873.ip": "192.168.100.117",
                            "nic.1241718873.mac": "90:b8:d0:d1:d6:e3",
                            "nic.1241718873.netmask": "255.255.255.0",
                            "nic.1241718873.network": "33ef8f78-d46e-4176-ac46-da0fe81ead91",
                            "nic.1241718873.primary": "true",
                            "nic.1241718873.state": "running",
                            "nic.1770308210.gateway": "10.50.1.1",
                            "nic.1770308210.ip": "10.50.1.14",
                            "nic.1770308210.mac": "90:b8:d0:0d:37:24",
                            "nic.1770308210.netmask": "255.255.255.0",
                            "nic.1770308210.network": "6172a9a8-8d86-431e-88ab-1f810f2ddda9",
                            "nic.1770308210.primary": "false",
                            "nic.1770308210.state": "running",
                            "package": "sample-2G",
                            "primaryip": "192.168.100.117",
                            "root_authorized_keys": "ssh-rsa AAAAB3NzaC1yc2EAAAADAQABAAABAQDU6mGTN3ztmIwgd5sZt6AhXH7PidRc+yZ9OospfgBA7cRQaFoWavYcdw5F0vOEzt0USrlPZjxKPxOX2eoF98os3A3H4fp6+5LCkNnn+OZcbpkbf+53j0pNHvfH9X7FiyVez4F8v7uC7KWiBDKy1J3OB026bgMnpV3+PtKiC3zG0BQGcf/KN+QRZqk9qAAdEbSSUHtc+1wJEZDWVTjNREQGzZVn5F1pm4YkQz44WnD6wndsLJ9+e5vEscON3SlUujJPoOGKBu+uuxhjS5kPR5+hMJ3fjtfGCWYudWIE5ZLQI1LrD/7qfHDKtUyKD0eLSPtwuhFk7zJYuao6zKbZaEH/ bruce.smith@Bruces-MacBook-Pro.local\nssh-rsa AAAAB3NzaC1yc2EAAAADAQABAAABAQCa43bJYZ8pVhu23eYPXgYwAOzWwYNvfZazRLOlDiG2IY1X7VlXwzON+HVCM1h2FUAnl3qOa4Joz3jT612D4Yj2g38mTI1pkC2qQZAxqs5X2wSchM6u9vE1WPzd1XceN/Yvx4Sw3FUetlrik4eCSYrhqZkTec/8UI57qPkWrSisRi8clxBpKquX7FndCoNdmg5KeuuNqkPDfPsj50UcnIa8g91K0ljhqUuQWy7xsZg3tYltA+LqiZiN40d8jsM0cXb4fBr7FFn52my0VOG4E98aztu+YJzRYmZ/dO6bEw6Ga/P5bpUwYWNT8rV6tsW4+8BITP71+ytZ++GqumjIwSx7 dvouser@dvotest03\nssh-rsa AAAAB3NzaC1yc2EAAAADAQABAAABAQC00uDMOZ6fTOLT19kIgztk0dZkX+qok8tY+cHq0f3pwLKeVj885ArfNI9CtrP0bCRhwbg6UfvSovOBv8oG1WImXu54XVQTT39UPoxyzg8A+y4g0ufu+C/oRfuxAxq+FL0GKvufRRm5BbvSPIM/vBFRc+fVWPZNeSDwRbgmHqcztPtBfnPFou/ZIZTVJvysYrx87+Td48jnVOAhVvTAkvcDD4nWMO8RKHsO5B8lJjUm/nSXFXs0viEWLI963qDXbRTaZWjAoVFQCCnaC60uykMJzUGjIzwBFlqXjqvOPFYqkCae0MsXC/WhF7D21y33e9V6zzJ5hn4HjYxJ4VLjynIV root@centos-7\nssh-rsa AAAAB3NzaC1yc2EAAAADAQABAAABAQCpo4XeZVrsX9tWh1V+K9+9on2WLD+xV29AEYi9qHxBG3WuRZjKxHIdJfqO0/qyUXKQamoyNJibWP3Ed0L3gqkFPKIFVyUu4z23qqYJAdEDYE9FFqqCiJOLm3/l5Y6p0ymT7LdHmNZGQRuKVcLJ/YaDYeZkwGPMRX1JbA/xJ+b/ykU5MQINuSMjXAwqRwxk64DI/jHcm/M9olb6liVtGA24yONAh8VHOD5OLuxgR//ccjf29KK7m32+4+yGMJ9Axy7wmJgdxaw6FiHvAytcACuaH0iQa8EmESmoowGxQyslWIi+gCFv+kvybFhRneq6XA3Qxy/GbDsECMcwoZ5wtJWn root@fc76104c-81e3-cc51-c5bf-a252069fa35b\nssh-rsa AAAAB3NzaC1yc2EAAAADAQABAAABAQC7dkbYMvh9NFZ3bBgD8wtU1ofVPaQJ10qAnpjhDT75wcMiubiI5UTCg8tt48s0slotRzR5wNbXF4yOPeLtyzFZx243VN5RP+vTsIC02dFL/Pzv7Wfd0DHXw8TnMDQ8aYD2fxri65ChQ2XuhE2p9h5br9mAh4XXnuhTsE/w3ABZ5MjnAQHw9Y0WByWFykcaq4GFZfKvH/aWRzfCp7/KZapvXDnd1zxSaCTsjqNAQeqLu0c0886ojarYihCKzBcDz6M6BquAI+I7Ieywo4/IyshJvJz7Sjd/Xod1bYJBlW9JjFLwFeeAoYR2i7DRDgunGmMAKzQfTfVoqhslxsTCimop bruce.smith@Bruces-MacBook-Pro.local\n",
                            "tags.%": "2",
                            "tags.hostname": "k8s_bastion_00",
                            "tags.role": "k8s_bastion",
                            "type": "smartmachine",
                            "user_data": "",
                            "user_script": ""
                        },
                        "meta": {
                            "e2bfb730-ecaa-11e6-8f88-34363bc7c4c0": {
                                "create": 600000000000,
                                "delete": 600000000000,
                                "read": 30000000000,
                                "update": 600000000000
                            }
                        },
                        "tainted": false
                    },
                    "deposed": [],
                    "provider": ""
                },
                "triton_machine.k8s_controller": {
                    "type": "triton_machine",
                    "depends_on": [
                        "triton_fabric.k8s"
                    ],
                    "primary": {
                        "id": "291dc536-cd30-4ec0-99dc-b6875c6816aa",
                        "attributes": {
                            "administrator_pw": "",
                            "cloud_config": "",
                            "dataset": "cfdb90c1-bb1d-40b1-9815-4348f674ffbd",
                            "disk": "51200",
                            "domain_names.#": "2",
                            "domain_names.0": "291dc536-cd30-4ec0-99dc-b6875c6816aa.inst.6d222c74-1663-4219-db05-a48a98d3e56d.bs-1.cns.tritonhost.com",
                            "domain_names.1": "k8s-controller-00.inst.6d222c74-1663-4219-db05-a48a98d3e56d.bs-1.cns.tritonhost.com",
                            "firewall_enabled": "false",
                            "id": "291dc536-cd30-4ec0-99dc-b6875c6816aa",
                            "image": "cfdb90c1-bb1d-40b1-9815-4348f674ffbd",
                            "ips.#": "1",
                            "ips.0": "10.50.1.12",
                            "memory": "2048",
                            "name": "k8s_controller_00",
                            "networks.#": "1",
                            "networks.0": "6172a9a8-8d86-431e-88ab-1f810f2ddda9",
                            "nic.#": "1",
                            "nic.1770308210.gateway": "10.50.1.1",
                            "nic.1770308210.ip": "10.50.1.12",
                            "nic.1770308210.mac": "90:b8:d0:bc:dd:ee",
                            "nic.1770308210.netmask": "255.255.255.0",
                            "nic.1770308210.network": "6172a9a8-8d86-431e-88ab-1f810f2ddda9",
                            "nic.1770308210.primary": "true",
                            "nic.1770308210.state": "running",
                            "package": "sample-2G",
                            "primaryip": "10.50.1.12",
                            "root_authorized_keys": "ssh-rsa AAAAB3NzaC1yc2EAAAADAQABAAABAQDU6mGTN3ztmIwgd5sZt6AhXH7PidRc+yZ9OospfgBA7cRQaFoWavYcdw5F0vOEzt0USrlPZjxKPxOX2eoF98os3A3H4fp6+5LCkNnn+OZcbpkbf+53j0pNHvfH9X7FiyVez4F8v7uC7KWiBDKy1J3OB026bgMnpV3+PtKiC3zG0BQGcf/KN+QRZqk9qAAdEbSSUHtc+1wJEZDWVTjNREQGzZVn5F1pm4YkQz44WnD6wndsLJ9+e5vEscON3SlUujJPoOGKBu+uuxhjS5kPR5+hMJ3fjtfGCWYudWIE5ZLQI1LrD/7qfHDKtUyKD0eLSPtwuhFk7zJYuao6zKbZaEH/ bruce.smith@Bruces-MacBook-Pro.local\nssh-rsa AAAAB3NzaC1yc2EAAAADAQABAAABAQCa43bJYZ8pVhu23eYPXgYwAOzWwYNvfZazRLOlDiG2IY1X7VlXwzON+HVCM1h2FUAnl3qOa4Joz3jT612D4Yj2g38mTI1pkC2qQZAxqs5X2wSchM6u9vE1WPzd1XceN/Yvx4Sw3FUetlrik4eCSYrhqZkTec/8UI57qPkWrSisRi8clxBpKquX7FndCoNdmg5KeuuNqkPDfPsj50UcnIa8g91K0ljhqUuQWy7xsZg3tYltA+LqiZiN40d8jsM0cXb4fBr7FFn52my0VOG4E98aztu+YJzRYmZ/dO6bEw6Ga/P5bpUwYWNT8rV6tsW4+8BITP71+ytZ++GqumjIwSx7 dvouser@dvotest03\nssh-rsa AAAAB3NzaC1yc2EAAAADAQABAAABAQC00uDMOZ6fTOLT19kIgztk0dZkX+qok8tY+cHq0f3pwLKeVj885ArfNI9CtrP0bCRhwbg6UfvSovOBv8oG1WImXu54XVQTT39UPoxyzg8A+y4g0ufu+C/oRfuxAxq+FL0GKvufRRm5BbvSPIM/vBFRc+fVWPZNeSDwRbgmHqcztPtBfnPFou/ZIZTVJvysYrx87+Td48jnVOAhVvTAkvcDD4nWMO8RKHsO5B8lJjUm/nSXFXs0viEWLI963qDXbRTaZWjAoVFQCCnaC60uykMJzUGjIzwBFlqXjqvOPFYqkCae0MsXC/WhF7D21y33e9V6zzJ5hn4HjYxJ4VLjynIV root@centos-7\nssh-rsa AAAAB3NzaC1yc2EAAAADAQABAAABAQCpo4XeZVrsX9tWh1V+K9+9on2WLD+xV29AEYi9qHxBG3WuRZjKxHIdJfqO0/qyUXKQamoyNJibWP3Ed0L3gqkFPKIFVyUu4z23qqYJAdEDYE9FFqqCiJOLm3/l5Y6p0ymT7LdHmNZGQRuKVcLJ/YaDYeZkwGPMRX1JbA/xJ+b/ykU5MQINuSMjXAwqRwxk64DI/jHcm/M9olb6liVtGA24yONAh8VHOD5OLuxgR//ccjf29KK7m32+4+yGMJ9Axy7wmJgdxaw6FiHvAytcACuaH0iQa8EmESmoowGxQyslWIi+gCFv+kvybFhRneq6XA3Qxy/GbDsECMcwoZ5wtJWn root@fc76104c-81e3-cc51-c5bf-a252069fa35b\nssh-rsa AAAAB3NzaC1yc2EAAAADAQABAAABAQC7dkbYMvh9NFZ3bBgD8wtU1ofVPaQJ10qAnpjhDT75wcMiubiI5UTCg8tt48s0slotRzR5wNbXF4yOPeLtyzFZx243VN5RP+vTsIC02dFL/Pzv7Wfd0DHXw8TnMDQ8aYD2fxri65ChQ2XuhE2p9h5br9mAh4XXnuhTsE/w3ABZ5MjnAQHw9Y0WByWFykcaq4GFZfKvH/aWRzfCp7/KZapvXDnd1zxSaCTsjqNAQeqLu0c0886ojarYihCKzBcDz6M6BquAI+I7Ieywo4/IyshJvJz7Sjd/Xod1bYJBlW9JjFLwFeeAoYR2i7DRDgunGmMAKzQfTfVoqhslxsTCimop bruce.smith@Bruces-MacBook-Pro.local\n",
                            "tags.%": "2",
                            "tags.hostname": "k8s_controller_00",
                            "tags.role": "k8s_controller",
                            "type": "smartmachine",
                            "user_data": "",
                            "user_script": ""
                        },
                        "meta": {
                            "e2bfb730-ecaa-11e6-8f88-34363bc7c4c0": {
                                "create": 600000000000,
                                "delete": 600000000000,
                                "read": 30000000000,
                                "update": 600000000000
                            }
                        },
                        "tainted": false
                    },
                    "deposed": [],
                    "provider": ""
                },
                "triton_machine.k8s_etcd.0": {
                    "type": "triton_machine",
                    "depends_on": [
                        "triton_fabric.k8s",
                        "triton_machine.k8s_bastion",
                        "triton_machine.k8s_etcd_bootstrap"
                    ],
                    "primary": {
                        "id": "ab03cf05-f82d-418a-dabd-faaa65109c2a",
                        "attributes": {
                            "administrator_pw": "",
                            "cloud_config": "",
                            "dataset": "d70bb901-00bd-4dea-966f-13bf7b4853d3",
                            "disk": "12288",
                            "domain_names.#": "2",
                            "domain_names.0": "ab03cf05-f82d-418a-dabd-faaa65109c2a.inst.6d222c74-1663-4219-db05-a48a98d3e56d.bs-1.cns.tritonhost.com",
                            "domain_names.1": "k8s-etcd-00.inst.6d222c74-1663-4219-db05-a48a98d3e56d.bs-1.cns.tritonhost.com",
                            "firewall_enabled": "false",
                            "id": "ab03cf05-f82d-418a-dabd-faaa65109c2a",
                            "image": "d70bb901-00bd-4dea-966f-13bf7b4853d3",
                            "ips.#": "1",
                            "ips.0": "10.50.1.17",
                            "memory": "512",
                            "name": "k8s_etcd_00",
                            "networks.#": "1",
                            "networks.0": "6172a9a8-8d86-431e-88ab-1f810f2ddda9",
                            "nic.#": "1",
                            "nic.1770308210.gateway": "10.50.1.1",
                            "nic.1770308210.ip": "10.50.1.17",
                            "nic.1770308210.mac": "90:b8:d0:ac:ea:9e",
                            "nic.1770308210.netmask": "255.255.255.0",
                            "nic.1770308210.network": "6172a9a8-8d86-431e-88ab-1f810f2ddda9",
                            "nic.1770308210.primary": "true",
                            "nic.1770308210.state": "running",
                            "package": "sample-512M",
                            "primaryip": "10.50.1.17",
                            "root_authorized_keys": "ssh-rsa AAAAB3NzaC1yc2EAAAADAQABAAABAQDU6mGTN3ztmIwgd5sZt6AhXH7PidRc+yZ9OospfgBA7cRQaFoWavYcdw5F0vOEzt0USrlPZjxKPxOX2eoF98os3A3H4fp6+5LCkNnn+OZcbpkbf+53j0pNHvfH9X7FiyVez4F8v7uC7KWiBDKy1J3OB026bgMnpV3+PtKiC3zG0BQGcf/KN+QRZqk9qAAdEbSSUHtc+1wJEZDWVTjNREQGzZVn5F1pm4YkQz44WnD6wndsLJ9+e5vEscON3SlUujJPoOGKBu+uuxhjS5kPR5+hMJ3fjtfGCWYudWIE5ZLQI1LrD/7qfHDKtUyKD0eLSPtwuhFk7zJYuao6zKbZaEH/ bruce.smith@Bruces-MacBook-Pro.local\nssh-rsa AAAAB3NzaC1yc2EAAAADAQABAAABAQCa43bJYZ8pVhu23eYPXgYwAOzWwYNvfZazRLOlDiG2IY1X7VlXwzON+HVCM1h2FUAnl3qOa4Joz3jT612D4Yj2g38mTI1pkC2qQZAxqs5X2wSchM6u9vE1WPzd1XceN/Yvx4Sw3FUetlrik4eCSYrhqZkTec/8UI57qPkWrSisRi8clxBpKquX7FndCoNdmg5KeuuNqkPDfPsj50UcnIa8g91K0ljhqUuQWy7xsZg3tYltA+LqiZiN40d8jsM0cXb4fBr7FFn52my0VOG4E98aztu+YJzRYmZ/dO6bEw6Ga/P5bpUwYWNT8rV6tsW4+8BITP71+ytZ++GqumjIwSx7 dvouser@dvotest03\nssh-rsa AAAAB3NzaC1yc2EAAAADAQABAAABAQC00uDMOZ6fTOLT19kIgztk0dZkX+qok8tY+cHq0f3pwLKeVj885ArfNI9CtrP0bCRhwbg6UfvSovOBv8oG1WImXu54XVQTT39UPoxyzg8A+y4g0ufu+C/oRfuxAxq+FL0GKvufRRm5BbvSPIM/vBFRc+fVWPZNeSDwRbgmHqcztPtBfnPFou/ZIZTVJvysYrx87+Td48jnVOAhVvTAkvcDD4nWMO8RKHsO5B8lJjUm/nSXFXs0viEWLI963qDXbRTaZWjAoVFQCCnaC60uykMJzUGjIzwBFlqXjqvOPFYqkCae0MsXC/WhF7D21y33e9V6zzJ5hn4HjYxJ4VLjynIV root@centos-7\nssh-rsa AAAAB3NzaC1yc2EAAAADAQABAAABAQCpo4XeZVrsX9tWh1V+K9+9on2WLD+xV29AEYi9qHxBG3WuRZjKxHIdJfqO0/qyUXKQamoyNJibWP3Ed0L3gqkFPKIFVyUu4z23qqYJAdEDYE9FFqqCiJOLm3/l5Y6p0ymT7LdHmNZGQRuKVcLJ/YaDYeZkwGPMRX1JbA/xJ+b/ykU5MQINuSMjXAwqRwxk64DI/jHcm/M9olb6liVtGA24yONAh8VHOD5OLuxgR//ccjf29KK7m32+4+yGMJ9Axy7wmJgdxaw6FiHvAytcACuaH0iQa8EmESmoowGxQyslWIi+gCFv+kvybFhRneq6XA3Qxy/GbDsECMcwoZ5wtJWn root@fc76104c-81e3-cc51-c5bf-a252069fa35b\nssh-rsa AAAAB3NzaC1yc2EAAAADAQABAAABAQC7dkbYMvh9NFZ3bBgD8wtU1ofVPaQJ10qAnpjhDT75wcMiubiI5UTCg8tt48s0slotRzR5wNbXF4yOPeLtyzFZx243VN5RP+vTsIC02dFL/Pzv7Wfd0DHXw8TnMDQ8aYD2fxri65ChQ2XuhE2p9h5br9mAh4XXnuhTsE/w3ABZ5MjnAQHw9Y0WByWFykcaq4GFZfKvH/aWRzfCp7/KZapvXDnd1zxSaCTsjqNAQeqLu0c0886ojarYihCKzBcDz6M6BquAI+I7Ieywo4/IyshJvJz7Sjd/Xod1bYJBlW9JjFLwFeeAoYR2i7DRDgunGmMAKzQfTfVoqhslxsTCimop bruce.smith@Bruces-MacBook-Pro.local\n",
                            "tags.%": "2",
                            "tags.hostname": "k8s_etcd_00",
                            "tags.role": "k8s_etcd",
                            "type": "smartmachine",
                            "user_data": "",
                            "user_script": ""
                        },
                        "meta": {
                            "e2bfb730-ecaa-11e6-8f88-34363bc7c4c0": {
                                "create": 600000000000,
                                "delete": 600000000000,
                                "read": 30000000000,
                                "update": 600000000000
                            }
                        },
                        "tainted": false
                    },
                    "deposed": [],
                    "provider": ""
                },
                "triton_machine.k8s_etcd.1": {
                    "type": "triton_machine",
                    "depends_on": [
                        "triton_fabric.k8s",
                        "triton_machine.k8s_bastion",
                        "triton_machine.k8s_etcd_bootstrap"
                    ],
                    "primary": {
                        "id": "1a171fcf-3727-ed2e-e35a-c94eb0bc60d7",
                        "attributes": {
                            "administrator_pw": "",
                            "cloud_config": "",
                            "dataset": "d70bb901-00bd-4dea-966f-13bf7b4853d3",
                            "disk": "12288",
                            "domain_names.#": "2",
                            "domain_names.0": "1a171fcf-3727-ed2e-e35a-c94eb0bc60d7.inst.6d222c74-1663-4219-db05-a48a98d3e56d.bs-1.cns.tritonhost.com",
                            "domain_names.1": "k8s-etcd-01.inst.6d222c74-1663-4219-db05-a48a98d3e56d.bs-1.cns.tritonhost.com",
                            "firewall_enabled": "false",
                            "id": "1a171fcf-3727-ed2e-e35a-c94eb0bc60d7",
                            "image": "d70bb901-00bd-4dea-966f-13bf7b4853d3",
                            "ips.#": "1",
                            "ips.0": "10.50.1.18",
                            "memory": "512",
                            "name": "k8s_etcd_01",
                            "networks.#": "1",
                            "networks.0": "6172a9a8-8d86-431e-88ab-1f810f2ddda9",
                            "nic.#": "1",
                            "nic.1770308210.gateway": "10.50.1.1",
                            "nic.1770308210.ip": "10.50.1.18",
                            "nic.1770308210.mac": "90:b8:d0:0e:9a:64",
                            "nic.1770308210.netmask": "255.255.255.0",
                            "nic.1770308210.network": "6172a9a8-8d86-431e-88ab-1f810f2ddda9",
                            "nic.1770308210.primary": "true",
                            "nic.1770308210.state": "running",
                            "package": "sample-512M",
                            "primaryip": "10.50.1.18",
                            "root_authorized_keys": "ssh-rsa AAAAB3NzaC1yc2EAAAADAQABAAABAQDU6mGTN3ztmIwgd5sZt6AhXH7PidRc+yZ9OospfgBA7cRQaFoWavYcdw5F0vOEzt0USrlPZjxKPxOX2eoF98os3A3H4fp6+5LCkNnn+OZcbpkbf+53j0pNHvfH9X7FiyVez4F8v7uC7KWiBDKy1J3OB026bgMnpV3+PtKiC3zG0BQGcf/KN+QRZqk9qAAdEbSSUHtc+1wJEZDWVTjNREQGzZVn5F1pm4YkQz44WnD6wndsLJ9+e5vEscON3SlUujJPoOGKBu+uuxhjS5kPR5+hMJ3fjtfGCWYudWIE5ZLQI1LrD/7qfHDKtUyKD0eLSPtwuhFk7zJYuao6zKbZaEH/ bruce.smith@Bruces-MacBook-Pro.local\nssh-rsa AAAAB3NzaC1yc2EAAAADAQABAAABAQCa43bJYZ8pVhu23eYPXgYwAOzWwYNvfZazRLOlDiG2IY1X7VlXwzON+HVCM1h2FUAnl3qOa4Joz3jT612D4Yj2g38mTI1pkC2qQZAxqs5X2wSchM6u9vE1WPzd1XceN/Yvx4Sw3FUetlrik4eCSYrhqZkTec/8UI57qPkWrSisRi8clxBpKquX7FndCoNdmg5KeuuNqkPDfPsj50UcnIa8g91K0ljhqUuQWy7xsZg3tYltA+LqiZiN40d8jsM0cXb4fBr7FFn52my0VOG4E98aztu+YJzRYmZ/dO6bEw6Ga/P5bpUwYWNT8rV6tsW4+8BITP71+ytZ++GqumjIwSx7 dvouser@dvotest03\nssh-rsa AAAAB3NzaC1yc2EAAAADAQABAAABAQC00uDMOZ6fTOLT19kIgztk0dZkX+qok8tY+cHq0f3pwLKeVj885ArfNI9CtrP0bCRhwbg6UfvSovOBv8oG1WImXu54XVQTT39UPoxyzg8A+y4g0ufu+C/oRfuxAxq+FL0GKvufRRm5BbvSPIM/vBFRc+fVWPZNeSDwRbgmHqcztPtBfnPFou/ZIZTVJvysYrx87+Td48jnVOAhVvTAkvcDD4nWMO8RKHsO5B8lJjUm/nSXFXs0viEWLI963qDXbRTaZWjAoVFQCCnaC60uykMJzUGjIzwBFlqXjqvOPFYqkCae0MsXC/WhF7D21y33e9V6zzJ5hn4HjYxJ4VLjynIV root@centos-7\nssh-rsa AAAAB3NzaC1yc2EAAAADAQABAAABAQCpo4XeZVrsX9tWh1V+K9+9on2WLD+xV29AEYi9qHxBG3WuRZjKxHIdJfqO0/qyUXKQamoyNJibWP3Ed0L3gqkFPKIFVyUu4z23qqYJAdEDYE9FFqqCiJOLm3/l5Y6p0ymT7LdHmNZGQRuKVcLJ/YaDYeZkwGPMRX1JbA/xJ+b/ykU5MQINuSMjXAwqRwxk64DI/jHcm/M9olb6liVtGA24yONAh8VHOD5OLuxgR//ccjf29KK7m32+4+yGMJ9Axy7wmJgdxaw6FiHvAytcACuaH0iQa8EmESmoowGxQyslWIi+gCFv+kvybFhRneq6XA3Qxy/GbDsECMcwoZ5wtJWn root@fc76104c-81e3-cc51-c5bf-a252069fa35b\nssh-rsa AAAAB3NzaC1yc2EAAAADAQABAAABAQC7dkbYMvh9NFZ3bBgD8wtU1ofVPaQJ10qAnpjhDT75wcMiubiI5UTCg8tt48s0slotRzR5wNbXF4yOPeLtyzFZx243VN5RP+vTsIC02dFL/Pzv7Wfd0DHXw8TnMDQ8aYD2fxri65ChQ2XuhE2p9h5br9mAh4XXnuhTsE/w3ABZ5MjnAQHw9Y0WByWFykcaq4GFZfKvH/aWRzfCp7/KZapvXDnd1zxSaCTsjqNAQeqLu0c0886ojarYihCKzBcDz6M6BquAI+I7Ieywo4/IyshJvJz7Sjd/Xod1bYJBlW9JjFLwFeeAoYR2i7DRDgunGmMAKzQfTfVoqhslxsTCimop bruce.smith@Bruces-MacBook-Pro.local\n",
                            "tags.%": "2",
                            "tags.hostname": "k8s_etcd_01",
                            "tags.role": "k8s_etcd",
                            "type": "smartmachine",
                            "user_data": "",
                            "user_script": ""
                        },
                        "meta": {
                            "e2bfb730-ecaa-11e6-8f88-34363bc7c4c0": {
                                "create": 600000000000,
                                "delete": 600000000000,
                                "read": 30000000000,
                                "update": 600000000000
                            }
                        },
                        "tainted": false
                    },
                    "deposed": [],
                    "provider": ""
                },
                "triton_machine.k8s_etcd.2": {
                    "type": "triton_machine",
                    "depends_on": [
                        "triton_fabric.k8s",
                        "triton_machine.k8s_bastion",
                        "triton_machine.k8s_etcd_bootstrap"
                    ],
                    "primary": {
                        "id": "bcd95adf-f7ec-4bc7-fec5-979bcf369da5",
                        "attributes": {
                            "administrator_pw": "",
                            "cloud_config": "",
                            "dataset": "d70bb901-00bd-4dea-966f-13bf7b4853d3",
                            "disk": "12288",
                            "domain_names.#": "2",
                            "domain_names.0": "bcd95adf-f7ec-4bc7-fec5-979bcf369da5.inst.6d222c74-1663-4219-db05-a48a98d3e56d.bs-1.cns.tritonhost.com",
                            "domain_names.1": "k8s-etcd-02.inst.6d222c74-1663-4219-db05-a48a98d3e56d.bs-1.cns.tritonhost.com",
                            "firewall_enabled": "false",
                            "id": "bcd95adf-f7ec-4bc7-fec5-979bcf369da5",
                            "image": "d70bb901-00bd-4dea-966f-13bf7b4853d3",
                            "ips.#": "1",
                            "ips.0": "10.50.1.16",
                            "memory": "512",
                            "name": "k8s_etcd_02",
                            "networks.#": "1",
                            "networks.0": "6172a9a8-8d86-431e-88ab-1f810f2ddda9",
                            "nic.#": "1",
                            "nic.1770308210.gateway": "10.50.1.1",
                            "nic.1770308210.ip": "10.50.1.16",
                            "nic.1770308210.mac": "90:b8:d0:00:e5:33",
                            "nic.1770308210.netmask": "255.255.255.0",
                            "nic.1770308210.network": "6172a9a8-8d86-431e-88ab-1f810f2ddda9",
                            "nic.1770308210.primary": "true",
                            "nic.1770308210.state": "running",
                            "package": "sample-512M",
                            "primaryip": "10.50.1.16",
                            "root_authorized_keys": "ssh-rsa AAAAB3NzaC1yc2EAAAADAQABAAABAQDU6mGTN3ztmIwgd5sZt6AhXH7PidRc+yZ9OospfgBA7cRQaFoWavYcdw5F0vOEzt0USrlPZjxKPxOX2eoF98os3A3H4fp6+5LCkNnn+OZcbpkbf+53j0pNHvfH9X7FiyVez4F8v7uC7KWiBDKy1J3OB026bgMnpV3+PtKiC3zG0BQGcf/KN+QRZqk9qAAdEbSSUHtc+1wJEZDWVTjNREQGzZVn5F1pm4YkQz44WnD6wndsLJ9+e5vEscON3SlUujJPoOGKBu+uuxhjS5kPR5+hMJ3fjtfGCWYudWIE5ZLQI1LrD/7qfHDKtUyKD0eLSPtwuhFk7zJYuao6zKbZaEH/ bruce.smith@Bruces-MacBook-Pro.local\nssh-rsa AAAAB3NzaC1yc2EAAAADAQABAAABAQCa43bJYZ8pVhu23eYPXgYwAOzWwYNvfZazRLOlDiG2IY1X7VlXwzON+HVCM1h2FUAnl3qOa4Joz3jT612D4Yj2g38mTI1pkC2qQZAxqs5X2wSchM6u9vE1WPzd1XceN/Yvx4Sw3FUetlrik4eCSYrhqZkTec/8UI57qPkWrSisRi8clxBpKquX7FndCoNdmg5KeuuNqkPDfPsj50UcnIa8g91K0ljhqUuQWy7xsZg3tYltA+LqiZiN40d8jsM0cXb4fBr7FFn52my0VOG4E98aztu+YJzRYmZ/dO6bEw6Ga/P5bpUwYWNT8rV6tsW4+8BITP71+ytZ++GqumjIwSx7 dvouser@dvotest03\nssh-rsa AAAAB3NzaC1yc2EAAAADAQABAAABAQC00uDMOZ6fTOLT19kIgztk0dZkX+qok8tY+cHq0f3pwLKeVj885ArfNI9CtrP0bCRhwbg6UfvSovOBv8oG1WImXu54XVQTT39UPoxyzg8A+y4g0ufu+C/oRfuxAxq+FL0GKvufRRm5BbvSPIM/vBFRc+fVWPZNeSDwRbgmHqcztPtBfnPFou/ZIZTVJvysYrx87+Td48jnVOAhVvTAkvcDD4nWMO8RKHsO5B8lJjUm/nSXFXs0viEWLI963qDXbRTaZWjAoVFQCCnaC60uykMJzUGjIzwBFlqXjqvOPFYqkCae0MsXC/WhF7D21y33e9V6zzJ5hn4HjYxJ4VLjynIV root@centos-7\nssh-rsa AAAAB3NzaC1yc2EAAAADAQABAAABAQCpo4XeZVrsX9tWh1V+K9+9on2WLD+xV29AEYi9qHxBG3WuRZjKxHIdJfqO0/qyUXKQamoyNJibWP3Ed0L3gqkFPKIFVyUu4z23qqYJAdEDYE9FFqqCiJOLm3/l5Y6p0ymT7LdHmNZGQRuKVcLJ/YaDYeZkwGPMRX1JbA/xJ+b/ykU5MQINuSMjXAwqRwxk64DI/jHcm/M9olb6liVtGA24yONAh8VHOD5OLuxgR//ccjf29KK7m32+4+yGMJ9Axy7wmJgdxaw6FiHvAytcACuaH0iQa8EmESmoowGxQyslWIi+gCFv+kvybFhRneq6XA3Qxy/GbDsECMcwoZ5wtJWn root@fc76104c-81e3-cc51-c5bf-a252069fa35b\nssh-rsa AAAAB3NzaC1yc2EAAAADAQABAAABAQC7dkbYMvh9NFZ3bBgD8wtU1ofVPaQJ10qAnpjhDT75wcMiubiI5UTCg8tt48s0slotRzR5wNbXF4yOPeLtyzFZx243VN5RP+vTsIC02dFL/Pzv7Wfd0DHXw8TnMDQ8aYD2fxri65ChQ2XuhE2p9h5br9mAh4XXnuhTsE/w3ABZ5MjnAQHw9Y0WByWFykcaq4GFZfKvH/aWRzfCp7/KZapvXDnd1zxSaCTsjqNAQeqLu0c0886ojarYihCKzBcDz6M6BquAI+I7Ieywo4/IyshJvJz7Sjd/Xod1bYJBlW9JjFLwFeeAoYR2i7DRDgunGmMAKzQfTfVoqhslxsTCimop bruce.smith@Bruces-MacBook-Pro.local\n",
                            "tags.%": "2",
                            "tags.hostname": "k8s_etcd_02",
                            "tags.role": "k8s_etcd",
                            "type": "smartmachine",
                            "user_data": "",
                            "user_script": ""
                        },
                        "meta": {
                            "e2bfb730-ecaa-11e6-8f88-34363bc7c4c0": {
                                "create": 600000000000,
                                "delete": 600000000000,
                                "read": 30000000000,
                                "update": 600000000000
                            }
                        },
                        "tainted": false
                    },
                    "deposed": [],
                    "provider": ""
                },
                "triton_machine.k8s_etcd_bootstrap": {
                    "type": "triton_machine",
                    "depends_on": [
                        "triton_fabric.k8s",
                        "triton_machine.k8s_bastion"
                    ],
                    "primary": {
                        "id": "a27a2d89-b6d5-4b59-cb9f-e8a6eca1eb59",
                        "attributes": {
                            "administrator_pw": "",
                            "cloud_config": "",
                            "dataset": "d70bb901-00bd-4dea-966f-13bf7b4853d3",
                            "disk": "12288",
                            "domain_names.#": "2",
                            "domain_names.0": "a27a2d89-b6d5-4b59-cb9f-e8a6eca1eb59.inst.6d222c74-1663-4219-db05-a48a98d3e56d.bs-1.cns.tritonhost.com",
                            "domain_names.1": "k8s-etcd-bootstrap-00.inst.6d222c74-1663-4219-db05-a48a98d3e56d.bs-1.cns.tritonhost.com",
                            "firewall_enabled": "false",
                            "id": "a27a2d89-b6d5-4b59-cb9f-e8a6eca1eb59",
                            "image": "d70bb901-00bd-4dea-966f-13bf7b4853d3",
                            "ips.#": "1",
                            "ips.0": "10.50.1.15",
                            "memory": "512",
                            "name": "k8s_etcd_bootstrap_00",
                            "networks.#": "1",
                            "networks.0": "6172a9a8-8d86-431e-88ab-1f810f2ddda9",
                            "nic.#": "1",
                            "nic.1770308210.gateway": "10.50.1.1",
                            "nic.1770308210.ip": "10.50.1.15",
                            "nic.1770308210.mac": "90:b8:d0:53:84:17",
                            "nic.1770308210.netmask": "255.255.255.0",
                            "nic.1770308210.network": "6172a9a8-8d86-431e-88ab-1f810f2ddda9",
                            "nic.1770308210.primary": "true",
                            "nic.1770308210.state": "running",
                            "package": "sample-512M",
                            "primaryip": "10.50.1.15",
                            "root_authorized_keys": "ssh-rsa AAAAB3NzaC1yc2EAAAADAQABAAABAQDU6mGTN3ztmIwgd5sZt6AhXH7PidRc+yZ9OospfgBA7cRQaFoWavYcdw5F0vOEzt0USrlPZjxKPxOX2eoF98os3A3H4fp6+5LCkNnn+OZcbpkbf+53j0pNHvfH9X7FiyVez4F8v7uC7KWiBDKy1J3OB026bgMnpV3+PtKiC3zG0BQGcf/KN+QRZqk9qAAdEbSSUHtc+1wJEZDWVTjNREQGzZVn5F1pm4YkQz44WnD6wndsLJ9+e5vEscON3SlUujJPoOGKBu+uuxhjS5kPR5+hMJ3fjtfGCWYudWIE5ZLQI1LrD/7qfHDKtUyKD0eLSPtwuhFk7zJYuao6zKbZaEH/ bruce.smith@Bruces-MacBook-Pro.local\nssh-rsa AAAAB3NzaC1yc2EAAAADAQABAAABAQCa43bJYZ8pVhu23eYPXgYwAOzWwYNvfZazRLOlDiG2IY1X7VlXwzON+HVCM1h2FUAnl3qOa4Joz3jT612D4Yj2g38mTI1pkC2qQZAxqs5X2wSchM6u9vE1WPzd1XceN/Yvx4Sw3FUetlrik4eCSYrhqZkTec/8UI57qPkWrSisRi8clxBpKquX7FndCoNdmg5KeuuNqkPDfPsj50UcnIa8g91K0ljhqUuQWy7xsZg3tYltA+LqiZiN40d8jsM0cXb4fBr7FFn52my0VOG4E98aztu+YJzRYmZ/dO6bEw6Ga/P5bpUwYWNT8rV6tsW4+8BITP71+ytZ++GqumjIwSx7 dvouser@dvotest03\nssh-rsa AAAAB3NzaC1yc2EAAAADAQABAAABAQC00uDMOZ6fTOLT19kIgztk0dZkX+qok8tY+cHq0f3pwLKeVj885ArfNI9CtrP0bCRhwbg6UfvSovOBv8oG1WImXu54XVQTT39UPoxyzg8A+y4g0ufu+C/oRfuxAxq+FL0GKvufRRm5BbvSPIM/vBFRc+fVWPZNeSDwRbgmHqcztPtBfnPFou/ZIZTVJvysYrx87+Td48jnVOAhVvTAkvcDD4nWMO8RKHsO5B8lJjUm/nSXFXs0viEWLI963qDXbRTaZWjAoVFQCCnaC60uykMJzUGjIzwBFlqXjqvOPFYqkCae0MsXC/WhF7D21y33e9V6zzJ5hn4HjYxJ4VLjynIV root@centos-7\nssh-rsa AAAAB3NzaC1yc2EAAAADAQABAAABAQCpo4XeZVrsX9tWh1V+K9+9on2WLD+xV29AEYi9qHxBG3WuRZjKxHIdJfqO0/qyUXKQamoyNJibWP3Ed0L3gqkFPKIFVyUu4z23qqYJAdEDYE9FFqqCiJOLm3/l5Y6p0ymT7LdHmNZGQRuKVcLJ/YaDYeZkwGPMRX1JbA/xJ+b/ykU5MQINuSMjXAwqRwxk64DI/jHcm/M9olb6liVtGA24yONAh8VHOD5OLuxgR//ccjf29KK7m32+4+yGMJ9Axy7wmJgdxaw6FiHvAytcACuaH0iQa8EmESmoowGxQyslWIi+gCFv+kvybFhRneq6XA3Qxy/GbDsECMcwoZ5wtJWn root@fc76104c-81e3-cc51-c5bf-a252069fa35b\nssh-rsa AAAAB3NzaC1yc2EAAAADAQABAAABAQC7dkbYMvh9NFZ3bBgD8wtU1ofVPaQJ10qAnpjhDT75wcMiubiI5UTCg8tt48s0slotRzR5wNbXF4yOPeLtyzFZx243VN5RP+vTsIC02dFL/Pzv7Wfd0DHXw8TnMDQ8aYD2fxri65ChQ2XuhE2p9h5br9mAh4XXnuhTsE/w3ABZ5MjnAQHw9Y0WByWFykcaq4GFZfKvH/aWRzfCp7/KZapvXDnd1zxSaCTsjqNAQeqLu0c0886ojarYihCKzBcDz6M6BquAI+I7Ieywo4/IyshJvJz7Sjd/Xod1bYJBlW9JjFLwFeeAoYR2i7DRDgunGmMAKzQfTfVoqhslxsTCimop bruce.smith@Bruces-MacBook-Pro.local\n",
                            "tags.%": "2",
                            "tags.hostname": "k8s_etcd_bootstrap_00",
                            "tags.role": "k8s_etcd_bootstrap",
                            "type": "smartmachine",
                            "user_data": "",
                            "user_script": ""
                        },
                        "meta": {
                            "e2bfb730-ecaa-11e6-8f88-34363bc7c4c0": {
                                "create": 600000000000,
                                "delete": 600000000000,
                                "read": 30000000000,
                                "update": 600000000000
                            }
                        },
                        "tainted": false
                    },
                    "deposed": [],
                    "provider": ""
                },
                "triton_machine.k8s_worker.0": {
                    "type": "triton_machine",
                    "depends_on": [
                        "triton_fabric.k8s"
                    ],
                    "primary": {
                        "id": "2cbc3a5d-c345-4a3e-fda6-a0ac0fc4eeaa",
                        "attributes": {
                            "administrator_pw": "",
                            "cloud_config": "",
                            "dataset": "33c4778d-b72f-4d8d-b2b7-aef85541c0a1",
                            "disk": "409600",
                            "domain_names.#": "2",
                            "domain_names.0": "2cbc3a5d-c345-4a3e-fda6-a0ac0fc4eeaa.inst.6d222c74-1663-4219-db05-a48a98d3e56d.bs-1.cns.tritonhost.com",
                            "domain_names.1": "k8s-worker-00.inst.6d222c74-1663-4219-db05-a48a98d3e56d.bs-1.cns.tritonhost.com",
                            "firewall_enabled": "false",
                            "id": "2cbc3a5d-c345-4a3e-fda6-a0ac0fc4eeaa",
                            "image": "33c4778d-b72f-4d8d-b2b7-aef85541c0a1",
                            "ips.#": "1",
                            "ips.0": "10.50.1.11",
                            "memory": "16384",
                            "name": "k8s_worker_00",
                            "networks.#": "1",
                            "networks.0": "6172a9a8-8d86-431e-88ab-1f810f2ddda9",
                            "nic.#": "1",
                            "nic.1770308210.gateway": "10.50.1.1",
                            "nic.1770308210.ip": "10.50.1.11",
                            "nic.1770308210.mac": "90:b8:d0:12:67:f4",
                            "nic.1770308210.netmask": "255.255.255.0",
                            "nic.1770308210.network": "6172a9a8-8d86-431e-88ab-1f810f2ddda9",
                            "nic.1770308210.primary": "true",
                            "nic.1770308210.state": "running",
                            "package": "sample-16G",
                            "primaryip": "10.50.1.11",
                            "root_authorized_keys": "ssh-rsa AAAAB3NzaC1yc2EAAAADAQABAAABAQDU6mGTN3ztmIwgd5sZt6AhXH7PidRc+yZ9OospfgBA7cRQaFoWavYcdw5F0vOEzt0USrlPZjxKPxOX2eoF98os3A3H4fp6+5LCkNnn+OZcbpkbf+53j0pNHvfH9X7FiyVez4F8v7uC7KWiBDKy1J3OB026bgMnpV3+PtKiC3zG0BQGcf/KN+QRZqk9qAAdEbSSUHtc+1wJEZDWVTjNREQGzZVn5F1pm4YkQz44WnD6wndsLJ9+e5vEscON3SlUujJPoOGKBu+uuxhjS5kPR5+hMJ3fjtfGCWYudWIE5ZLQI1LrD/7qfHDKtUyKD0eLSPtwuhFk7zJYuao6zKbZaEH/ bruce.smith@Bruces-MacBook-Pro.local\nssh-rsa AAAAB3NzaC1yc2EAAAADAQABAAABAQCa43bJYZ8pVhu23eYPXgYwAOzWwYNvfZazRLOlDiG2IY1X7VlXwzON+HVCM1h2FUAnl3qOa4Joz3jT612D4Yj2g38mTI1pkC2qQZAxqs5X2wSchM6u9vE1WPzd1XceN/Yvx4Sw3FUetlrik4eCSYrhqZkTec/8UI57qPkWrSisRi8clxBpKquX7FndCoNdmg5KeuuNqkPDfPsj50UcnIa8g91K0ljhqUuQWy7xsZg3tYltA+LqiZiN40d8jsM0cXb4fBr7FFn52my0VOG4E98aztu+YJzRYmZ/dO6bEw6Ga/P5bpUwYWNT8rV6tsW4+8BITP71+ytZ++GqumjIwSx7 dvouser@dvotest03\nssh-rsa AAAAB3NzaC1yc2EAAAADAQABAAABAQC00uDMOZ6fTOLT19kIgztk0dZkX+qok8tY+cHq0f3pwLKeVj885ArfNI9CtrP0bCRhwbg6UfvSovOBv8oG1WImXu54XVQTT39UPoxyzg8A+y4g0ufu+C/oRfuxAxq+FL0GKvufRRm5BbvSPIM/vBFRc+fVWPZNeSDwRbgmHqcztPtBfnPFou/ZIZTVJvysYrx87+Td48jnVOAhVvTAkvcDD4nWMO8RKHsO5B8lJjUm/nSXFXs0viEWLI963qDXbRTaZWjAoVFQCCnaC60uykMJzUGjIzwBFlqXjqvOPFYqkCae0MsXC/WhF7D21y33e9V6zzJ5hn4HjYxJ4VLjynIV root@centos-7\nssh-rsa AAAAB3NzaC1yc2EAAAADAQABAAABAQCpo4XeZVrsX9tWh1V+K9+9on2WLD+xV29AEYi9qHxBG3WuRZjKxHIdJfqO0/qyUXKQamoyNJibWP3Ed0L3gqkFPKIFVyUu4z23qqYJAdEDYE9FFqqCiJOLm3/l5Y6p0ymT7LdHmNZGQRuKVcLJ/YaDYeZkwGPMRX1JbA/xJ+b/ykU5MQINuSMjXAwqRwxk64DI/jHcm/M9olb6liVtGA24yONAh8VHOD5OLuxgR//ccjf29KK7m32+4+yGMJ9Axy7wmJgdxaw6FiHvAytcACuaH0iQa8EmESmoowGxQyslWIi+gCFv+kvybFhRneq6XA3Qxy/GbDsECMcwoZ5wtJWn root@fc76104c-81e3-cc51-c5bf-a252069fa35b\nssh-rsa AAAAB3NzaC1yc2EAAAADAQABAAABAQC7dkbYMvh9NFZ3bBgD8wtU1ofVPaQJ10qAnpjhDT75wcMiubiI5UTCg8tt48s0slotRzR5wNbXF4yOPeLtyzFZx243VN5RP+vTsIC02dFL/Pzv7Wfd0DHXw8TnMDQ8aYD2fxri65ChQ2XuhE2p9h5br9mAh4XXnuhTsE/w3ABZ5MjnAQHw9Y0WByWFykcaq4GFZfKvH/aWRzfCp7/KZapvXDnd1zxSaCTsjqNAQeqLu0c0886ojarYihCKzBcDz6M6BquAI+I7Ieywo4/IyshJvJz7Sjd/Xod1bYJBlW9JjFLwFeeAoYR2i7DRDgunGmMAKzQfTfVoqhslxsTCimop bruce.smith@Bruces-MacBook-Pro.local\n",
                            "tags.%": "2",
                            "tags.hostname": "k8s_worker_00",
                            "tags.role": "k8s_worker",
                            "type": "virtualmachine",
                            "user_data": "",
                            "user_script": ""
                        },
                        "meta": {
                            "e2bfb730-ecaa-11e6-8f88-34363bc7c4c0": {
                                "create": 600000000000,
                                "delete": 600000000000,
                                "read": 30000000000,
                                "update": 600000000000
                            }
                        },
                        "tainted": false
                    },
                    "deposed": [],
                    "provider": ""
                },
                "triton_machine.k8s_worker.1": {
                    "type": "triton_machine",
                    "depends_on": [
                        "triton_fabric.k8s"
                    ],
                    "primary": {
                        "id": "9987d2d6-763d-e718-ac63-a017ec1fc9ef",
                        "attributes": {
                            "administrator_pw": "",
                            "cloud_config": "",
                            "dataset": "33c4778d-b72f-4d8d-b2b7-aef85541c0a1",
                            "disk": "409600",
                            "domain_names.#": "2",
                            "domain_names.0": "9987d2d6-763d-e718-ac63-a017ec1fc9ef.inst.6d222c74-1663-4219-db05-a48a98d3e56d.bs-1.cns.tritonhost.com",
                            "domain_names.1": "k8s-worker-01.inst.6d222c74-1663-4219-db05-a48a98d3e56d.bs-1.cns.tritonhost.com",
                            "firewall_enabled": "false",
                            "id": "9987d2d6-763d-e718-ac63-a017ec1fc9ef",
                            "image": "33c4778d-b72f-4d8d-b2b7-aef85541c0a1",
                            "ips.#": "1",
                            "ips.0": "10.50.1.13",
                            "memory": "16384",
                            "name": "k8s_worker_01",
                            "networks.#": "1",
                            "networks.0": "6172a9a8-8d86-431e-88ab-1f810f2ddda9",
                            "nic.#": "1",
                            "nic.1770308210.gateway": "10.50.1.1",
                            "nic.1770308210.ip": "10.50.1.13",
                            "nic.1770308210.mac": "90:b8:d0:98:f1:a0",
                            "nic.1770308210.netmask": "255.255.255.0",
                            "nic.1770308210.network": "6172a9a8-8d86-431e-88ab-1f810f2ddda9",
                            "nic.1770308210.primary": "true",
                            "nic.1770308210.state": "running",
                            "package": "sample-16G",
                            "primaryip": "10.50.1.13",
                            "root_authorized_keys": "ssh-rsa AAAAB3NzaC1yc2EAAAADAQABAAABAQDU6mGTN3ztmIwgd5sZt6AhXH7PidRc+yZ9OospfgBA7cRQaFoWavYcdw5F0vOEzt0USrlPZjxKPxOX2eoF98os3A3H4fp6+5LCkNnn+OZcbpkbf+53j0pNHvfH9X7FiyVez4F8v7uC7KWiBDKy1J3OB026bgMnpV3+PtKiC3zG0BQGcf/KN+QRZqk9qAAdEbSSUHtc+1wJEZDWVTjNREQGzZVn5F1pm4YkQz44WnD6wndsLJ9+e5vEscON3SlUujJPoOGKBu+uuxhjS5kPR5+hMJ3fjtfGCWYudWIE5ZLQI1LrD/7qfHDKtUyKD0eLSPtwuhFk7zJYuao6zKbZaEH/ bruce.smith@Bruces-MacBook-Pro.local\nssh-rsa AAAAB3NzaC1yc2EAAAADAQABAAABAQCa43bJYZ8pVhu23eYPXgYwAOzWwYNvfZazRLOlDiG2IY1X7VlXwzON+HVCM1h2FUAnl3qOa4Joz3jT612D4Yj2g38mTI1pkC2qQZAxqs5X2wSchM6u9vE1WPzd1XceN/Yvx4Sw3FUetlrik4eCSYrhqZkTec/8UI57qPkWrSisRi8clxBpKquX7FndCoNdmg5KeuuNqkPDfPsj50UcnIa8g91K0ljhqUuQWy7xsZg3tYltA+LqiZiN40d8jsM0cXb4fBr7FFn52my0VOG4E98aztu+YJzRYmZ/dO6bEw6Ga/P5bpUwYWNT8rV6tsW4+8BITP71+ytZ++GqumjIwSx7 dvouser@dvotest03\nssh-rsa AAAAB3NzaC1yc2EAAAADAQABAAABAQC00uDMOZ6fTOLT19kIgztk0dZkX+qok8tY+cHq0f3pwLKeVj885ArfNI9CtrP0bCRhwbg6UfvSovOBv8oG1WImXu54XVQTT39UPoxyzg8A+y4g0ufu+C/oRfuxAxq+FL0GKvufRRm5BbvSPIM/vBFRc+fVWPZNeSDwRbgmHqcztPtBfnPFou/ZIZTVJvysYrx87+Td48jnVOAhVvTAkvcDD4nWMO8RKHsO5B8lJjUm/nSXFXs0viEWLI963qDXbRTaZWjAoVFQCCnaC60uykMJzUGjIzwBFlqXjqvOPFYqkCae0MsXC/WhF7D21y33e9V6zzJ5hn4HjYxJ4VLjynIV root@centos-7\nssh-rsa AAAAB3NzaC1yc2EAAAADAQABAAABAQCpo4XeZVrsX9tWh1V+K9+9on2WLD+xV29AEYi9qHxBG3WuRZjKxHIdJfqO0/qyUXKQamoyNJibWP3Ed0L3gqkFPKIFVyUu4z23qqYJAdEDYE9FFqqCiJOLm3/l5Y6p0ymT7LdHmNZGQRuKVcLJ/YaDYeZkwGPMRX1JbA/xJ+b/ykU5MQINuSMjXAwqRwxk64DI/jHcm/M9olb6liVtGA24yONAh8VHOD5OLuxgR//ccjf29KK7m32+4+yGMJ9Axy7wmJgdxaw6FiHvAytcACuaH0iQa8EmESmoowGxQyslWIi+gCFv+kvybFhRneq6XA3Qxy/GbDsECMcwoZ5wtJWn root@fc76104c-81e3-cc51-c5bf-a252069fa35b\nssh-rsa AAAAB3NzaC1yc2EAAAADAQABAAABAQC7dkbYMvh9NFZ3bBgD8wtU1ofVPaQJ10qAnpjhDT75wcMiubiI5UTCg8tt48s0slotRzR5wNbXF4yOPeLtyzFZx243VN5RP+vTsIC02dFL/Pzv7Wfd0DHXw8TnMDQ8aYD2fxri65ChQ2XuhE2p9h5br9mAh4XXnuhTsE/w3ABZ5MjnAQHw9Y0WByWFykcaq4GFZfKvH/aWRzfCp7/KZapvXDnd1zxSaCTsjqNAQeqLu0c0886ojarYihCKzBcDz6M6BquAI+I7Ieywo4/IyshJvJz7Sjd/Xod1bYJBlW9JjFLwFeeAoYR2i7DRDgunGmMAKzQfTfVoqhslxsTCimop bruce.smith@Bruces-MacBook-Pro.local\n",
                            "tags.%": "2",
                            "tags.hostname": "k8s_worker_01",
                            "tags.role": "k8s_worker",
                            "type": "virtualmachine",
                            "user_data": "",
                            "user_script": ""
                        },
                        "meta": {
                            "e2bfb730-ecaa-11e6-8f88-34363bc7c4c0": {
                                "create": 600000000000,
                                "delete": 600000000000,
                                "read": 30000000000,
                                "update": 600000000000
                            }
                        },
                        "tainted": false
                    },
                    "deposed": [],
                    "provider": ""
                },
                "triton_machine.k8s_worker.2": {
                    "type": "triton_machine",
                    "depends_on": [
                        "triton_fabric.k8s"
                    ],
                    "primary": {
                        "id": "edb7bf37-f3f2-edf1-c409-da402cba7a94",
                        "attributes": {
                            "administrator_pw": "",
                            "cloud_config": "",
                            "dataset": "33c4778d-b72f-4d8d-b2b7-aef85541c0a1",
                            "disk": "409600",
                            "domain_names.#": "2",
                            "domain_names.0": "edb7bf37-f3f2-edf1-c409-da402cba7a94.inst.6d222c74-1663-4219-db05-a48a98d3e56d.bs-1.cns.tritonhost.com",
                            "domain_names.1": "k8s-worker-02.inst.6d222c74-1663-4219-db05-a48a98d3e56d.bs-1.cns.tritonhost.com",
                            "firewall_enabled": "false",
                            "id": "edb7bf37-f3f2-edf1-c409-da402cba7a94",
                            "image": "33c4778d-b72f-4d8d-b2b7-aef85541c0a1",
                            "ips.#": "1",
                            "ips.0": "10.50.1.10",
                            "memory": "16384",
                            "name": "k8s_worker_02",
                            "networks.#": "1",
                            "networks.0": "6172a9a8-8d86-431e-88ab-1f810f2ddda9",
                            "nic.#": "1",
                            "nic.1770308210.gateway": "10.50.1.1",
                            "nic.1770308210.ip": "10.50.1.10",
                            "nic.1770308210.mac": "90:b8:d0:8d:01:d2",
                            "nic.1770308210.netmask": "255.255.255.0",
                            "nic.1770308210.network": "6172a9a8-8d86-431e-88ab-1f810f2ddda9",
                            "nic.1770308210.primary": "true",
                            "nic.1770308210.state": "running",
                            "package": "sample-16G",
                            "primaryip": "10.50.1.10",
                            "root_authorized_keys": "ssh-rsa AAAAB3NzaC1yc2EAAAADAQABAAABAQDU6mGTN3ztmIwgd5sZt6AhXH7PidRc+yZ9OospfgBA7cRQaFoWavYcdw5F0vOEzt0USrlPZjxKPxOX2eoF98os3A3H4fp6+5LCkNnn+OZcbpkbf+53j0pNHvfH9X7FiyVez4F8v7uC7KWiBDKy1J3OB026bgMnpV3+PtKiC3zG0BQGcf/KN+QRZqk9qAAdEbSSUHtc+1wJEZDWVTjNREQGzZVn5F1pm4YkQz44WnD6wndsLJ9+e5vEscON3SlUujJPoOGKBu+uuxhjS5kPR5+hMJ3fjtfGCWYudWIE5ZLQI1LrD/7qfHDKtUyKD0eLSPtwuhFk7zJYuao6zKbZaEH/ bruce.smith@Bruces-MacBook-Pro.local\nssh-rsa AAAAB3NzaC1yc2EAAAADAQABAAABAQCa43bJYZ8pVhu23eYPXgYwAOzWwYNvfZazRLOlDiG2IY1X7VlXwzON+HVCM1h2FUAnl3qOa4Joz3jT612D4Yj2g38mTI1pkC2qQZAxqs5X2wSchM6u9vE1WPzd1XceN/Yvx4Sw3FUetlrik4eCSYrhqZkTec/8UI57qPkWrSisRi8clxBpKquX7FndCoNdmg5KeuuNqkPDfPsj50UcnIa8g91K0ljhqUuQWy7xsZg3tYltA+LqiZiN40d8jsM0cXb4fBr7FFn52my0VOG4E98aztu+YJzRYmZ/dO6bEw6Ga/P5bpUwYWNT8rV6tsW4+8BITP71+ytZ++GqumjIwSx7 dvouser@dvotest03\nssh-rsa AAAAB3NzaC1yc2EAAAADAQABAAABAQC00uDMOZ6fTOLT19kIgztk0dZkX+qok8tY+cHq0f3pwLKeVj885ArfNI9CtrP0bCRhwbg6UfvSovOBv8oG1WImXu54XVQTT39UPoxyzg8A+y4g0ufu+C/oRfuxAxq+FL0GKvufRRm5BbvSPIM/vBFRc+fVWPZNeSDwRbgmHqcztPtBfnPFou/ZIZTVJvysYrx87+Td48jnVOAhVvTAkvcDD4nWMO8RKHsO5B8lJjUm/nSXFXs0viEWLI963qDXbRTaZWjAoVFQCCnaC60uykMJzUGjIzwBFlqXjqvOPFYqkCae0MsXC/WhF7D21y33e9V6zzJ5hn4HjYxJ4VLjynIV root@centos-7\nssh-rsa AAAAB3NzaC1yc2EAAAADAQABAAABAQCpo4XeZVrsX9tWh1V+K9+9on2WLD+xV29AEYi9qHxBG3WuRZjKxHIdJfqO0/qyUXKQamoyNJibWP3Ed0L3gqkFPKIFVyUu4z23qqYJAdEDYE9FFqqCiJOLm3/l5Y6p0ymT7LdHmNZGQRuKVcLJ/YaDYeZkwGPMRX1JbA/xJ+b/ykU5MQINuSMjXAwqRwxk64DI/jHcm/M9olb6liVtGA24yONAh8VHOD5OLuxgR//ccjf29KK7m32+4+yGMJ9Axy7wmJgdxaw6FiHvAytcACuaH0iQa8EmESmoowGxQyslWIi+gCFv+kvybFhRneq6XA3Qxy/GbDsECMcwoZ5wtJWn root@fc76104c-81e3-cc51-c5bf-a252069fa35b\nssh-rsa AAAAB3NzaC1yc2EAAAADAQABAAABAQC7dkbYMvh9NFZ3bBgD8wtU1ofVPaQJ10qAnpjhDT75wcMiubiI5UTCg8tt48s0slotRzR5wNbXF4yOPeLtyzFZx243VN5RP+vTsIC02dFL/Pzv7Wfd0DHXw8TnMDQ8aYD2fxri65ChQ2XuhE2p9h5br9mAh4XXnuhTsE/w3ABZ5MjnAQHw9Y0WByWFykcaq4GFZfKvH/aWRzfCp7/KZapvXDnd1zxSaCTsjqNAQeqLu0c0886ojarYihCKzBcDz6M6BquAI+I7Ieywo4/IyshJvJz7Sjd/Xod1bYJBlW9JjFLwFeeAoYR2i7DRDgunGmMAKzQfTfVoqhslxsTCimop bruce.smith@Bruces-MacBook-Pro.local\n",
                            "tags.%": "2",
                            "tags.hostname": "k8s_worker_02",
                            "tags.role": "k8s_worker",
                            "type": "virtualmachine",
                            "user_data": "",
                            "user_script": ""
                        },
                        "meta": {
                            "e2bfb730-ecaa-11e6-8f88-34363bc7c4c0": {
                                "create": 600000000000,
                                "delete": 600000000000,
                                "read": 30000000000,
                                "update": 600000000000
                            }
                        },
                        "tainted": false
                    },
                    "deposed": [],
                    "provider": ""
                },
                "triton_vlan.k8s": {
                    "type": "triton_vlan",
                    "depends_on": [],
                    "primary": {
                        "id": "50",
                        "attributes": {
                            "description": "K8S VLAN",
                            "id": "50",
                            "name": "k8s",
                            "vlan_id": "50"
                        },
                        "meta": {
                            "e2bfb730-ecaa-11e6-8f88-34363bc7c4c0": {
                                "create": 60000000000,
                                "delete": 60000000000,
                                "read": 30000000000,
                                "update": 60000000000
                            }
                        },
                        "tainted": false
                    },
                    "deposed": [],
                    "provider": ""
                }
            },
            "depends_on": []
        }
    ]
}
